
Microsoft Visual Studio Solution File, Format Version 12.00
# Visual Studio Version 17
VisualStudioVersion = 17.13.35931.197 d17.13
MinimumVisualStudioVersion = 10.0.40219.1
Project("{FAE04EC0-301F-11D3-BF4B-00C04F79EFBC}") = "Programación lll Ejercicio semana 2", "Programación lll Ejercicio semana 2\Programación lll Ejercicio semana 2.csproj", "{392848A8-69F0-4FA5-8AC9-2F7A42D8028F}"
EndProject
Global
	GlobalSection(SolutionConfigurationPlatforms) = preSolution
		Debug|Any CPU = Debug|Any CPU
		Release|Any CPU = Release|Any CPU
	EndGlobalSection
	GlobalSection(ProjectConfigurationPlatforms) = postSolution
		{392848A8-69F0-4FA5-8AC9-2F7A42D8028F}.Debug|Any CPU.ActiveCfg = Debug|Any CPU
		{392848A8-69F0-4FA5-8AC9-2F7A42D8028F}.Debug|Any CPU.Build.0 = Debug|Any CPU
		{392848A8-69F0-4FA5-8AC9-2F7A42D8028F}.Release|Any CPU.ActiveCfg = Release|Any CPU
		{392848A8-69F0-4FA5-8AC9-2F7A42D8028F}.Release|Any CPU.Build.0 = Release|Any CPU
	EndGlobalSection
	GlobalSection(SolutionProperties) = preSolution
		HideSolutionNode = FALSE
	EndGlobalSection
	GlobalSection(ExtensibilityGlobals) = postSolution
		SolutionGuid = {9942DA00-2883-4831-B244-F94558DEB74A}
	EndGlobalSection
EndGlobal
