
Microsoft Visual Studio Solution File, Format Version 12.00
# Visual Studio Version 17
VisualStudioVersion = 17.14.36301.6 d17.14
MinimumVisualStudioVersion = 10.0.40219.1
Project("{FAE04EC0-301F-11D3-BF4B-00C04F79EFBC}") = "ColeccionesGenericas", "ColeccionesGenericas\ColeccionesGenericas.csproj", "{0DC8FB3E-E0BC-4DCE-AFDC-B172C135600E}"
EndProject
Global
	GlobalSection(SolutionConfigurationPlatforms) = preSolution
		Debug|Any CPU = Debug|Any CPU
		Release|Any CPU = Release|Any CPU
	EndGlobalSection
	GlobalSection(ProjectConfigurationPlatforms) = postSolution
		{0DC8FB3E-E0BC-4DCE-AFDC-B172C135600E}.Debug|Any CPU.ActiveCfg = Debug|Any CPU
		{0DC8FB3E-E0BC-4DCE-AFDC-B172C135600E}.Debug|Any CPU.Build.0 = Debug|Any CPU
		{0DC8FB3E-E0BC-4DCE-AFDC-B172C135600E}.Release|Any CPU.ActiveCfg = Release|Any CPU
		{0DC8FB3E-E0BC-4DCE-AFDC-B172C135600E}.Release|Any CPU.Build.0 = Release|Any CPU
	EndGlobalSection
	GlobalSection(SolutionProperties) = preSolution
		HideSolutionNode = FALSE
	EndGlobalSection
	GlobalSection(ExtensibilityGlobals) = postSolution
		SolutionGuid = {21BBA3D7-EBBA-494B-93CF-9331E98668A1}
	EndGlobalSection
EndGlobal
