
Microsoft Visual Studio Solution File, Format Version 12.00
# Visual Studio Version 17
VisualStudioVersion = 17.14.36301.6 d17.14
MinimumVisualStudioVersion = 10.0.40219.1
Project("{FAE04EC0-301F-11D3-BF4B-00C04F79EFBC}") = "SerializacionJSON", "SerializacionJSON\SerializacionJSON.csproj", "{A14FC18D-8B97-4CA2-B5DB-FF2A635995A3}"
EndProject
Global
	GlobalSection(SolutionConfigurationPlatforms) = preSolution
		Debug|Any CPU = Debug|Any CPU
		Release|Any CPU = Release|Any CPU
	EndGlobalSection
	GlobalSection(ProjectConfigurationPlatforms) = postSolution
		{A14FC18D-8B97-4CA2-B5DB-FF2A635995A3}.Debug|Any CPU.ActiveCfg = Debug|Any CPU
		{A14FC18D-8B97-4CA2-B5DB-FF2A635995A3}.Debug|Any CPU.Build.0 = Debug|Any CPU
		{A14FC18D-8B97-4CA2-B5DB-FF2A635995A3}.Release|Any CPU.ActiveCfg = Release|Any CPU
		{A14FC18D-8B97-4CA2-B5DB-FF2A635995A3}.Release|Any CPU.Build.0 = Release|Any CPU
	EndGlobalSection
	GlobalSection(SolutionProperties) = preSolution
		HideSolutionNode = FALSE
	EndGlobalSection
	GlobalSection(ExtensibilityGlobals) = postSolution
		SolutionGuid = {FD493440-38E8-41BF-AD69-894B163CF31C}
	EndGlobalSection
EndGlobal
