
Microsoft Visual Studio Solution File, Format Version 12.00
# Visual Studio Version 17
VisualStudioVersion = 17.14.36603.0 d17.14
MinimumVisualStudioVersion = 10.0.40219.1
Project("{FAE04EC0-301F-11D3-BF4B-00C04F79EFBC}") = "PizzaUNAB.Domain", "PizzaUNAB.Domain\PizzaUNAB.Domain.csproj", "{1DCED22B-9BED-49FE-833F-00BAA86603E1}"
EndProject
Project("{FAE04EC0-301F-11D3-BF4B-00C04F79EFBC}") = "PizzaUNAB.Application", "PizzaUNAB.Application\PizzaUNAB.Application.csproj", "{BADC2249-BBC4-461C-81EF-A2F083A1994D}"
EndProject
Project("{FAE04EC0-301F-11D3-BF4B-00C04F79EFBC}") = "PizzaUNAB.Infraestructure", "PizzaUNAB.Infraestructure\PizzaUNAB.Infraestructure.csproj", "{97297E50-01A5-4AB8-9BCF-CFEF93799F7B}"
EndProject
Project("{FAE04EC0-301F-11D3-BF4B-00C04F79EFBC}") = "PizzaUNAB.Presentation", "PizzaUNAB.Presentation\PizzaUNAB.Presentation.csproj", "{2B21E62F-E184-44A9-ADBC-8198817505FF}"
EndProject
Global
	GlobalSection(SolutionConfigurationPlatforms) = preSolution
		Debug|Any CPU = Debug|Any CPU
		Release|Any CPU = Release|Any CPU
	EndGlobalSection
	GlobalSection(ProjectConfigurationPlatforms) = postSolution
		{1DCED22B-9BED-49FE-833F-00BAA86603E1}.Debug|Any CPU.ActiveCfg = Debug|Any CPU
		{1DCED22B-9BED-49FE-833F-00BAA86603E1}.Debug|Any CPU.Build.0 = Debug|Any CPU
		{1DCED22B-9BED-49FE-833F-00BAA86603E1}.Release|Any CPU.ActiveCfg = Release|Any CPU
		{1DCED22B-9BED-49FE-833F-00BAA86603E1}.Release|Any CPU.Build.0 = Release|Any CPU
		{BADC2249-BBC4-461C-81EF-A2F083A1994D}.Debug|Any CPU.ActiveCfg = Debug|Any CPU
		{BADC2249-BBC4-461C-81EF-A2F083A1994D}.Debug|Any CPU.Build.0 = Debug|Any CPU
		{BADC2249-BBC4-461C-81EF-A2F083A1994D}.Release|Any CPU.ActiveCfg = Release|Any CPU
		{BADC2249-BBC4-461C-81EF-A2F083A1994D}.Release|Any CPU.Build.0 = Release|Any CPU
		{97297E50-01A5-4AB8-9BCF-CFEF93799F7B}.Debug|Any CPU.ActiveCfg = Debug|Any CPU
		{97297E50-01A5-4AB8-9BCF-CFEF93799F7B}.Debug|Any CPU.Build.0 = Debug|Any CPU
		{97297E50-01A5-4AB8-9BCF-CFEF93799F7B}.Release|Any CPU.ActiveCfg = Release|Any CPU
		{97297E50-01A5-4AB8-9BCF-CFEF93799F7B}.Release|Any CPU.Build.0 = Release|Any CPU
		{2B21E62F-E184-44A9-ADBC-8198817505FF}.Debug|Any CPU.ActiveCfg = Debug|Any CPU
		{2B21E62F-E184-44A9-ADBC-8198817505FF}.Debug|Any CPU.Build.0 = Debug|Any CPU
		{2B21E62F-E184-44A9-ADBC-8198817505FF}.Release|Any CPU.ActiveCfg = Release|Any CPU
		{2B21E62F-E184-44A9-ADBC-8198817505FF}.Release|Any CPU.Build.0 = Release|Any CPU
	EndGlobalSection
	GlobalSection(SolutionProperties) = preSolution
		HideSolutionNode = FALSE
	EndGlobalSection
	GlobalSection(ExtensibilityGlobals) = postSolution
		SolutionGuid = {D02E98CA-77E6-4D4D-A830-E1032D16AC74}
	EndGlobalSection
EndGlobal
