
Microsoft Visual Studio Solution File, Format Version 12.00
# Visual Studio Version 17
VisualStudioVersion = 17.14.36301.6 d17.14
MinimumVisualStudioVersion = 10.0.40219.1
Project("{FAE04EC0-301F-11D3-BF4B-00C04F79EFBC}") = "OperacionesCRUD", "OperacionesCRUD\OperacionesCRUD.csproj", "{60D0E45A-8541-445C-B0DD-268C6DA2489D}"
EndProject
Global
	GlobalSection(SolutionConfigurationPlatforms) = preSolution
		Debug|Any CPU = Debug|Any CPU
		Release|Any CPU = Release|Any CPU
	EndGlobalSection
	GlobalSection(ProjectConfigurationPlatforms) = postSolution
		{60D0E45A-8541-445C-B0DD-268C6DA2489D}.Debug|Any CPU.ActiveCfg = Debug|Any CPU
		{60D0E45A-8541-445C-B0DD-268C6DA2489D}.Debug|Any CPU.Build.0 = Debug|Any CPU
		{60D0E45A-8541-445C-B0DD-268C6DA2489D}.Release|Any CPU.ActiveCfg = Release|Any CPU
		{60D0E45A-8541-445C-B0DD-268C6DA2489D}.Release|Any CPU.Build.0 = Release|Any CPU
	EndGlobalSection
	GlobalSection(SolutionProperties) = preSolution
		HideSolutionNode = FALSE
	EndGlobalSection
	GlobalSection(ExtensibilityGlobals) = postSolution
		SolutionGuid = {DA375978-AD7E-42FB-9469-AA8802E45F71}
	EndGlobalSection
EndGlobal
